
Microsoft Visual Studio Solution File, Format Version 12.00
# Visual Studio Version 16
VisualStudioVersion = 16.0.31727.386
MinimumVisualStudioVersion = 10.0.40219.1
Project("{FAE04EC0-301F-11D3-BF4B-00C04F79EFBC}") = "Exercicio git", "Exercicio git\Exercicio git.csproj", "{826C2CA5-1A1C-40E1-A618-3AE5D9478D10}"
EndProject
Global
	GlobalSection(SolutionConfigurationPlatforms) = preSolution
		Debug|Any CPU = Debug|Any CPU
		Release|Any CPU = Release|Any CPU
	EndGlobalSection
	GlobalSection(ProjectConfigurationPlatforms) = postSolution
		{826C2CA5-1A1C-40E1-A618-3AE5D9478D10}.Debug|Any CPU.ActiveCfg = Debug|Any CPU
		{826C2CA5-1A1C-40E1-A618-3AE5D9478D10}.Debug|Any CPU.Build.0 = Debug|Any CPU
		{826C2CA5-1A1C-40E1-A618-3AE5D9478D10}.Release|Any CPU.ActiveCfg = Release|Any CPU
		{826C2CA5-1A1C-40E1-A618-3AE5D9478D10}.Release|Any CPU.Build.0 = Release|Any CPU
	EndGlobalSection
	GlobalSection(SolutionProperties) = preSolution
		HideSolutionNode = FALSE
	EndGlobalSection
	GlobalSection(ExtensibilityGlobals) = postSolution
		SolutionGuid = {9FFCCB85-AB50-45C9-A774-A6FF3193AC0E}
	EndGlobalSection
EndGlobal
